
Microsoft Visual Studio Solution File, Format Version 12.00
# Visual Studio Version 16
VisualStudioVersion = 16.0.32901.82
MinimumVisualStudioVersion = 10.0.40219.1
Project("{FAE04EC0-301F-11D3-BF4B-00C04F79EFBC}") = "dotNotePad", "dotNotePad.csproj", "{BC2D102F-9CDB-4F2D-8BF5-EC7A9C7A1852}"
EndProject
Global
	GlobalSection(SolutionConfigurationPlatforms) = preSolution
		Debug|Any CPU = Debug|Any CPU
		Release|Any CPU = Release|Any CPU
	EndGlobalSection
	GlobalSection(ProjectConfigurationPlatforms) = postSolution
		{BC2D102F-9CDB-4F2D-8BF5-EC7A9C7A1852}.Debug|Any CPU.ActiveCfg = Debug|Any CPU
		{BC2D102F-9CDB-4F2D-8BF5-EC7A9C7A1852}.Debug|Any CPU.Build.0 = Debug|Any CPU
		{BC2D102F-9CDB-4F2D-8BF5-EC7A9C7A1852}.Release|Any CPU.ActiveCfg = Release|Any CPU
		{BC2D102F-9CDB-4F2D-8BF5-EC7A9C7A1852}.Release|Any CPU.Build.0 = Release|Any CPU
	EndGlobalSection
	GlobalSection(SolutionProperties) = preSolution
		HideSolutionNode = FALSE
	EndGlobalSection
	GlobalSection(ExtensibilityGlobals) = postSolution
		SolutionGuid = {DD627533-7E73-4336-9301-006345442FA5}
	EndGlobalSection
EndGlobal
